
Microsoft Visual Studio Solution File, Format Version 11.00
# Visual C# Express 2010
Project("{FAE04EC0-301F-11D3-BF4B-00C04F79EFBC}") = "TextBoxControl", "TextBoxControl\TextBoxControl.csproj", "{8DBD51AA-C625-4E5C-BFF0-E5F0FA5DD535}"
EndProject
Global
	GlobalSection(SolutionConfigurationPlatforms) = preSolution
		Debug|x86 = Debug|x86
		Release|x86 = Release|x86
	EndGlobalSection
	GlobalSection(ProjectConfigurationPlatforms) = postSolution
		{8DBD51AA-C625-4E5C-BFF0-E5F0FA5DD535}.Debug|x86.ActiveCfg = Debug|x86
		{8DBD51AA-C625-4E5C-BFF0-E5F0FA5DD535}.Debug|x86.Build.0 = Debug|x86
		{8DBD51AA-C625-4E5C-BFF0-E5F0FA5DD535}.Release|x86.ActiveCfg = Release|x86
		{8DBD51AA-C625-4E5C-BFF0-E5F0FA5DD535}.Release|x86.Build.0 = Release|x86
	EndGlobalSection
	GlobalSection(SolutionProperties) = preSolution
		HideSolutionNode = FALSE
	EndGlobalSection
EndGlobal
