
Microsoft Visual Studio Solution File, Format Version 11.00
# Visual C# Express 2010
Project("{FAE04EC0-301F-11D3-BF4B-00C04F79EFBC}") = "Chapter12Example04", "Chapter12Example04\Chapter12Example04.csproj", "{3B473A58-02CA-48F1-BA44-18C5374CB8AD}"
EndProject
Global
	GlobalSection(SolutionConfigurationPlatforms) = preSolution
		Debug|x86 = Debug|x86
		Release|x86 = Release|x86
	EndGlobalSection
	GlobalSection(ProjectConfigurationPlatforms) = postSolution
		{3B473A58-02CA-48F1-BA44-18C5374CB8AD}.Debug|x86.ActiveCfg = Debug|x86
		{3B473A58-02CA-48F1-BA44-18C5374CB8AD}.Debug|x86.Build.0 = Debug|x86
		{3B473A58-02CA-48F1-BA44-18C5374CB8AD}.Release|x86.ActiveCfg = Release|x86
		{3B473A58-02CA-48F1-BA44-18C5374CB8AD}.Release|x86.Build.0 = Release|x86
	EndGlobalSection
	GlobalSection(SolutionProperties) = preSolution
		HideSolutionNode = FALSE
	EndGlobalSection
EndGlobal
