
Microsoft Visual Studio Solution File, Format Version 11.00
# Visual C# Express 2010
Project("{FAE04EC0-301F-11D3-BF4B-00C04F79EFBC}") = "Chapter11CardLib", "Chapter11CardLib\Chapter11CardLib.csproj", "{AF2008A2-31F5-4AA6-A2E1-B74052DBD5F7}"
EndProject
Global
	GlobalSection(SolutionConfigurationPlatforms) = preSolution
		Debug|Any CPU = Debug|Any CPU
		Release|Any CPU = Release|Any CPU
	EndGlobalSection
	GlobalSection(ProjectConfigurationPlatforms) = postSolution
		{AF2008A2-31F5-4AA6-A2E1-B74052DBD5F7}.Debug|Any CPU.ActiveCfg = Debug|Any CPU
		{AF2008A2-31F5-4AA6-A2E1-B74052DBD5F7}.Debug|Any CPU.Build.0 = Debug|Any CPU
		{AF2008A2-31F5-4AA6-A2E1-B74052DBD5F7}.Release|Any CPU.ActiveCfg = Release|Any CPU
		{AF2008A2-31F5-4AA6-A2E1-B74052DBD5F7}.Release|Any CPU.Build.0 = Release|Any CPU
	EndGlobalSection
	GlobalSection(SolutionProperties) = preSolution
		HideSolutionNode = FALSE
	EndGlobalSection
EndGlobal
