
Microsoft Visual Studio Solution File, Format Version 11.00
# Visual C# Express 2010
Project("{FAE04EC0-301F-11D3-BF4B-00C04F79EFBC}") = "Chapter06Example02", "Chapter06Example02\Chapter06Example02.csproj", "{5EDB5DED-3EDC-4D55-9CC3-FC0F4534D785}"
EndProject
Global
	GlobalSection(SolutionConfigurationPlatforms) = preSolution
		Debug|x86 = Debug|x86
		Release|x86 = Release|x86
	EndGlobalSection
	GlobalSection(ProjectConfigurationPlatforms) = postSolution
		{5EDB5DED-3EDC-4D55-9CC3-FC0F4534D785}.Debug|x86.ActiveCfg = Debug|x86
		{5EDB5DED-3EDC-4D55-9CC3-FC0F4534D785}.Debug|x86.Build.0 = Debug|x86
		{5EDB5DED-3EDC-4D55-9CC3-FC0F4534D785}.Release|x86.ActiveCfg = Release|x86
		{5EDB5DED-3EDC-4D55-9CC3-FC0F4534D785}.Release|x86.Build.0 = Release|x86
	EndGlobalSection
	GlobalSection(SolutionProperties) = preSolution
		HideSolutionNode = FALSE
	EndGlobalSection
EndGlobal
